
Microsoft Visual Studio Solution File, Format Version 12.00
# Visual Studio Version 16
VisualStudioVersion = 16.0.30204.135
MinimumVisualStudioVersion = 10.0.40219.1
Project("{FAE04EC0-301F-11D3-BF4B-00C04F79EFBC}") = "Space Race", "Space Race.csproj", "{C5FE9F57-FB66-441C-9F66-025CEC7976A0}"
EndProject
Global
	GlobalSection(SolutionConfigurationPlatforms) = preSolution
		Debug|Any CPU = Debug|Any CPU
		Release|Any CPU = Release|Any CPU
	EndGlobalSection
	GlobalSection(ProjectConfigurationPlatforms) = postSolution
		{C5FE9F57-FB66-441C-9F66-025CEC7976A0}.Debug|Any CPU.ActiveCfg = Debug|Any CPU
		{C5FE9F57-FB66-441C-9F66-025CEC7976A0}.Debug|Any CPU.Build.0 = Debug|Any CPU
		{C5FE9F57-FB66-441C-9F66-025CEC7976A0}.Release|Any CPU.ActiveCfg = Release|Any CPU
		{C5FE9F57-FB66-441C-9F66-025CEC7976A0}.Release|Any CPU.Build.0 = Release|Any CPU
	EndGlobalSection
	GlobalSection(SolutionProperties) = preSolution
		HideSolutionNode = FALSE
	EndGlobalSection
	GlobalSection(ExtensibilityGlobals) = postSolution
		SolutionGuid = {24524112-676D-45A6-A190-FE1EE4E0D7AC}
	EndGlobalSection
EndGlobal
